
Microsoft Visual Studio Solution File, Format Version 12.00
# Visual Studio Version 17
VisualStudioVersion = 17.4.33205.214
MinimumVisualStudioVersion = 10.0.40219.1
Project("{2150E333-8FDC-42A3-9474-1A3956D46DE8}") = "01 Kintamieji", "01 Kintamieji", "{1B35DE6D-EB98-412C-92BD-A3FC2D1C868C}"
EndProject
Project("{2150E333-8FDC-42A3-9474-1A3956D46DE8}") = "02 Isvedimas", "02 Isvedimas", "{CE099191-192B-47FB-91EB-2ABBBBB8E880}"
EndProject
Project("{FAE04EC0-301F-11D3-BF4B-00C04F79EFBC}") = "KintamujuAprasymas", "KintamujuAprasymas\KintamujuAprasymas.csproj", "{C6C54DCD-8B65-449A-A6DF-D374602BBB8C}"
EndProject
Project("{FAE04EC0-301F-11D3-BF4B-00C04F79EFBC}") = "Uzduotis1", "Uzduotis1\Uzduotis1.csproj", "{1B28D0DA-422D-4524-86F9-F9298CB70ACA}"
EndProject
Project("{FAE04EC0-301F-11D3-BF4B-00C04F79EFBC}") = "Uzduotis2", "Uzduotis2\Uzduotis2.csproj", "{5036CBB7-B656-4A6E-998E-9DA7F28DB539}"
EndProject
Project("{2150E333-8FDC-42A3-9474-1A3956D46DE8}") = "03 Aritmetika", "03 Aritmetika", "{9E8FA307-61C3-49F3-A391-26E7A017D3EC}"
EndProject
Project("{FAE04EC0-301F-11D3-BF4B-00C04F79EFBC}") = "Uzduotis5", "Uzduotis5\Uzduotis5.csproj", "{3FE65075-3D40-44D3-B0CA-C395DD0CC03A}"
EndProject
Project("{FAE04EC0-301F-11D3-BF4B-00C04F79EFBC}") = "Uzduotis6", "Uzduotis6\Uzduotis6.csproj", "{81D5EC8E-AACA-4FBE-874B-4DFA89EB74B8}"
EndProject
Project("{FAE04EC0-301F-11D3-BF4B-00C04F79EFBC}") = "Uzduotis3", "Uzduotis3\Uzduotis3.csproj", "{2FCEEAE2-A26F-49F8-9A49-BA80E554B408}"
EndProject
Project("{FAE04EC0-301F-11D3-BF4B-00C04F79EFBC}") = "Uzduotis4", "Uzduotis4\Uzduotis4.csproj", "{3E302E73-2EE0-4115-AB82-5B4AA98B6EE5}"
EndProject
Project("{2150E333-8FDC-42A3-9474-1A3956D46DE8}") = "04 Ivedimas", "04 Ivedimas", "{BD444881-1DDE-4005-9D6A-CD2A4FA0C781}"
EndProject
Project("{FAE04EC0-301F-11D3-BF4B-00C04F79EFBC}") = "Uzduotis7", "Uzduotis7\Uzduotis7.csproj", "{8B1298C4-F22F-4D4C-8660-1E4E3CC6D937}"
EndProject
Project("{2150E333-8FDC-42A3-9474-1A3956D46DE8}") = "05 If salyga", "05 If salyga", "{49F29ACE-714D-4983-B528-F7AB2C0B6246}"
EndProject
Project("{FAE04EC0-301F-11D3-BF4B-00C04F79EFBC}") = "Uzduotis09", "Uzduotis9\Uzduotis09.csproj", "{9FC9B7BA-076D-4D46-8660-E456FC345E4F}"
EndProject
Project("{FAE04EC0-301F-11D3-BF4B-00C04F79EFBC}") = "Uzduotis11", "Uzduotis11\Uzduotis11.csproj", "{B522CE0D-D652-47E6-9F0E-4CE30BC265C0}"
EndProject
Project("{FAE04EC0-301F-11D3-BF4B-00C04F79EFBC}") = "Uzduotis12", "Uzduotis12\Uzduotis12.csproj", "{B2F4DA63-B15C-474E-957D-BAF57D7D2717}"
EndProject
Project("{2150E333-8FDC-42A3-9474-1A3956D46DE8}") = "06 Switch", "06 Switch", "{54E4AF76-8E19-4214-A5F6-4046C8CE7463}"
EndProject
Project("{FAE04EC0-301F-11D3-BF4B-00C04F79EFBC}") = "Uzduotis14", "Uzduotis14\Uzduotis14.csproj", "{8604CF5C-6BE3-4CC7-B4F7-58BBDA7CC766}"
EndProject
Project("{2150E333-8FDC-42A3-9474-1A3956D46DE8}") = "07 For loop", "07 For loop", "{C2749D6A-881E-4EB3-8B78-B0A246AAF7BB}"
EndProject
Project("{FAE04EC0-301F-11D3-BF4B-00C04F79EFBC}") = "Uzduotis15", "Uzduotis15\Uzduotis15.csproj", "{B41CDF91-1C2D-4533-AE35-38FF4C50C1AC}"
EndProject
Project("{2150E333-8FDC-42A3-9474-1A3956D46DE8}") = "08 While", "08 While", "{7851A2EF-B832-497C-9BDB-3A1A7467D477}"
EndProject
Project("{FAE04EC0-301F-11D3-BF4B-00C04F79EFBC}") = "Uzduotis8", "Uzduotis8\Uzduotis8.csproj", "{AB82AAAD-CFA6-4A1C-AA3A-A7BABCAABD93}"
EndProject
Project("{FAE04EC0-301F-11D3-BF4B-00C04F79EFBC}") = "Uzduotis10", "Uzduotis10\Uzduotis10.csproj", "{C8491094-7599-4CA1-99C3-FCBFDAD492E3}"
EndProject
Project("{FAE04EC0-301F-11D3-BF4B-00C04F79EFBC}") = "Uzduotis13", "Uzduotis13\Uzduotis13.csproj", "{3EEFEFB1-D367-47D1-AE91-4746DC2D723E}"
EndProject
Project("{FAE04EC0-301F-11D3-BF4B-00C04F79EFBC}") = "Uzduotis16", "Uzduotis16\Uzduotis16.csproj", "{3171372B-FA59-4B53-9C34-EE35FB5C1FBA}"
EndProject
Project("{FAE04EC0-301F-11D3-BF4B-00C04F79EFBC}") = "Uzduotis17", "Uzduotis17\Uzduotis17.csproj", "{9F4779E9-321D-4C91-BA18-F792FABAE292}"
EndProject
Project("{FAE04EC0-301F-11D3-BF4B-00C04F79EFBC}") = "Uzduotis18", "Uzduotis18\Uzduotis18.csproj", "{C5A2768C-C686-4CFB-B43B-B7DB8532B358}"
EndProject
Project("{FAE04EC0-301F-11D3-BF4B-00C04F79EFBC}") = "Uzduotis19", "Uzduotis19\Uzduotis19.csproj", "{8111DB0D-C68F-4C5C-B525-1390AD64E16D}"
EndProject
Project("{2150E333-8FDC-42A3-9474-1A3956D46DE8}") = "Kitos uzduotys", "Kitos uzduotys", "{DC7822AD-5153-4980-8D0D-18801DB1CF50}"
EndProject
Project("{FAE04EC0-301F-11D3-BF4B-00C04F79EFBC}") = "Uzduotis20", "Uzduotis20\Uzduotis20.csproj", "{4D5DEAEA-38B8-4190-94DF-D85B333E4F98}"
EndProject
Project("{2150E333-8FDC-42A3-9474-1A3956D46DE8}") = "09 Masyvai", "09 Masyvai", "{E1053002-6B99-403E-B690-E126E27371CF}"
EndProject
Project("{FAE04EC0-301F-11D3-BF4B-00C04F79EFBC}") = "Uzduotis21", "Uzduotis21\Uzduotis21.csproj", "{2F8C12BB-CB02-45FB-935C-71DA75D7901E}"
EndProject
Project("{FAE04EC0-301F-11D3-BF4B-00C04F79EFBC}") = "Uzduotis22", "Uzduotis22\Uzduotis22.csproj", "{A69883BA-2C2E-488A-99D8-A8FDC4B98C9F}"
EndProject
Project("{FAE04EC0-301F-11D3-BF4B-00C04F79EFBC}") = "Uzduotis25", "Uzduotis25\Uzduotis25.csproj", "{D281E9EB-CA64-45A4-86A8-1D4994147D3E}"
EndProject
Project("{2150E333-8FDC-42A3-9474-1A3956D46DE8}") = "10 Sarasai", "10 Sarasai", "{36305BD4-0FA1-4A07-96D6-40128F2612C6}"
EndProject
Project("{FAE04EC0-301F-11D3-BF4B-00C04F79EFBC}") = "Uzduotis26", "Uzduotis26\Uzduotis26.csproj", "{C09F139F-39C9-42B2-9A98-AAD5E1409812}"
EndProject
Project("{FAE04EC0-301F-11D3-BF4B-00C04F79EFBC}") = "Uzduotis23", "Uzduotis23\Uzduotis23.csproj", "{46688918-6014-4A8F-92FF-ABB21B430D47}"
EndProject
Project("{FAE04EC0-301F-11D3-BF4B-00C04F79EFBC}") = "Uzduotis24", "Uzduotis24\Uzduotis24.csproj", "{646FDEBC-8FC0-42FB-8491-1C5C4C02DC16}"
EndProject
Project("{FAE04EC0-301F-11D3-BF4B-00C04F79EFBC}") = "Uzduotis27", "Uzduotis27\Uzduotis27.csproj", "{5D53BBDE-8D35-44F5-B830-9D82BBA07547}"
EndProject
Project("{2150E333-8FDC-42A3-9474-1A3956D46DE8}") = "11 Metodai", "11 Metodai", "{CD75701A-A352-41F5-87B9-681019978501}"
EndProject
Project("{FAE04EC0-301F-11D3-BF4B-00C04F79EFBC}") = "Uzduotis28", "Uzduotis28\Uzduotis28.csproj", "{DA43B8E2-725C-4D7F-A51C-A50D2AEE341B}"
EndProject
Project("{FAE04EC0-301F-11D3-BF4B-00C04F79EFBC}") = "Uzduotis29", "Uzduotis29\Uzduotis29.csproj", "{3CD7C0AB-B103-45E1-9D88-9B60D9207A62}"
EndProject
Project("{FAE04EC0-301F-11D3-BF4B-00C04F79EFBC}") = "Uzduotis30", "Uzduotis30\Uzduotis30.csproj", "{8E9C9689-3CD6-4693-B312-402293425313}"
EndProject
Project("{FAE04EC0-301F-11D3-BF4B-00C04F79EFBC}") = "Uzduotis33", "Uzduotis33\Uzduotis33.csproj", "{774F9263-C750-462B-8982-68F547C232CB}"
EndProject
Project("{FAE04EC0-301F-11D3-BF4B-00C04F79EFBC}") = "Uzduotis31", "Uzduotis31\Uzduotis31.csproj", "{7EC7436F-743F-45BD-8ED2-BA9C281166E0}"
EndProject
Project("{FAE04EC0-301F-11D3-BF4B-00C04F79EFBC}") = "Uzduotis32", "Uzduotis32\Uzduotis32.csproj", "{4787CC1B-6D77-484B-B3A8-63CF3BBE1D66}"
EndProject
Project("{FAE04EC0-301F-11D3-BF4B-00C04F79EFBC}") = "Uzduotis34", "Uzduotis34\Uzduotis34.csproj", "{AAADBDFF-E4BD-46CE-847A-D8B468400868}"
EndProject
Project("{FAE04EC0-301F-11D3-BF4B-00C04F79EFBC}") = "Uzduotis35", "Uzduotis35\Uzduotis35.csproj", "{C397759D-B3D8-4152-8AED-261BEE98D7A8}"
EndProject
Project("{2150E333-8FDC-42A3-9474-1A3956D46DE8}") = "12 Klases", "12 Klases", "{CEB22981-B09A-4E22-9B51-C7B341F4B25E}"
EndProject
Project("{FAE04EC0-301F-11D3-BF4B-00C04F79EFBC}") = "Uzduotis36", "Uzduotis36\Uzduotis36.csproj", "{75060D7B-C3D8-4C5C-876D-2E2FED8152AF}"
EndProject
Project("{FAE04EC0-301F-11D3-BF4B-00C04F79EFBC}") = "Uzduotis37", "Uzduotis37\Uzduotis37.csproj", "{D41C3CCA-62F0-4738-9EB7-A5B2CBF31A82}"
EndProject
Project("{FAE04EC0-301F-11D3-BF4B-00C04F79EFBC}") = "Uzduotis38", "Uzduotis38\Uzduotis38.csproj", "{BF9EEC00-E85A-44F0-9123-46DB93371063}"
EndProject
Project("{FAE04EC0-301F-11D3-BF4B-00C04F79EFBC}") = "Uzduotis39", "Uzduotis39\Uzduotis39.csproj", "{4ED44116-C138-4A4F-9FEA-DFBE80D11B9C}"
EndProject
Global
	GlobalSection(SolutionConfigurationPlatforms) = preSolution
		Debug|Any CPU = Debug|Any CPU
		Release|Any CPU = Release|Any CPU
	EndGlobalSection
	GlobalSection(ProjectConfigurationPlatforms) = postSolution
		{C6C54DCD-8B65-449A-A6DF-D374602BBB8C}.Debug|Any CPU.ActiveCfg = Debug|Any CPU
		{C6C54DCD-8B65-449A-A6DF-D374602BBB8C}.Debug|Any CPU.Build.0 = Debug|Any CPU
		{C6C54DCD-8B65-449A-A6DF-D374602BBB8C}.Release|Any CPU.ActiveCfg = Release|Any CPU
		{C6C54DCD-8B65-449A-A6DF-D374602BBB8C}.Release|Any CPU.Build.0 = Release|Any CPU
		{1B28D0DA-422D-4524-86F9-F9298CB70ACA}.Debug|Any CPU.ActiveCfg = Debug|Any CPU
		{1B28D0DA-422D-4524-86F9-F9298CB70ACA}.Debug|Any CPU.Build.0 = Debug|Any CPU
		{1B28D0DA-422D-4524-86F9-F9298CB70ACA}.Release|Any CPU.ActiveCfg = Release|Any CPU
		{1B28D0DA-422D-4524-86F9-F9298CB70ACA}.Release|Any CPU.Build.0 = Release|Any CPU
		{5036CBB7-B656-4A6E-998E-9DA7F28DB539}.Debug|Any CPU.ActiveCfg = Debug|Any CPU
		{5036CBB7-B656-4A6E-998E-9DA7F28DB539}.Debug|Any CPU.Build.0 = Debug|Any CPU
		{5036CBB7-B656-4A6E-998E-9DA7F28DB539}.Release|Any CPU.ActiveCfg = Release|Any CPU
		{5036CBB7-B656-4A6E-998E-9DA7F28DB539}.Release|Any CPU.Build.0 = Release|Any CPU
		{3FE65075-3D40-44D3-B0CA-C395DD0CC03A}.Debug|Any CPU.ActiveCfg = Debug|Any CPU
		{3FE65075-3D40-44D3-B0CA-C395DD0CC03A}.Debug|Any CPU.Build.0 = Debug|Any CPU
		{3FE65075-3D40-44D3-B0CA-C395DD0CC03A}.Release|Any CPU.ActiveCfg = Release|Any CPU
		{3FE65075-3D40-44D3-B0CA-C395DD0CC03A}.Release|Any CPU.Build.0 = Release|Any CPU
		{81D5EC8E-AACA-4FBE-874B-4DFA89EB74B8}.Debug|Any CPU.ActiveCfg = Debug|Any CPU
		{81D5EC8E-AACA-4FBE-874B-4DFA89EB74B8}.Debug|Any CPU.Build.0 = Debug|Any CPU
		{81D5EC8E-AACA-4FBE-874B-4DFA89EB74B8}.Release|Any CPU.ActiveCfg = Release|Any CPU
		{81D5EC8E-AACA-4FBE-874B-4DFA89EB74B8}.Release|Any CPU.Build.0 = Release|Any CPU
		{2FCEEAE2-A26F-49F8-9A49-BA80E554B408}.Debug|Any CPU.ActiveCfg = Debug|Any CPU
		{2FCEEAE2-A26F-49F8-9A49-BA80E554B408}.Debug|Any CPU.Build.0 = Debug|Any CPU
		{2FCEEAE2-A26F-49F8-9A49-BA80E554B408}.Release|Any CPU.ActiveCfg = Release|Any CPU
		{2FCEEAE2-A26F-49F8-9A49-BA80E554B408}.Release|Any CPU.Build.0 = Release|Any CPU
		{3E302E73-2EE0-4115-AB82-5B4AA98B6EE5}.Debug|Any CPU.ActiveCfg = Debug|Any CPU
		{3E302E73-2EE0-4115-AB82-5B4AA98B6EE5}.Debug|Any CPU.Build.0 = Debug|Any CPU
		{3E302E73-2EE0-4115-AB82-5B4AA98B6EE5}.Release|Any CPU.ActiveCfg = Release|Any CPU
		{3E302E73-2EE0-4115-AB82-5B4AA98B6EE5}.Release|Any CPU.Build.0 = Release|Any CPU
		{8B1298C4-F22F-4D4C-8660-1E4E3CC6D937}.Debug|Any CPU.ActiveCfg = Debug|Any CPU
		{8B1298C4-F22F-4D4C-8660-1E4E3CC6D937}.Debug|Any CPU.Build.0 = Debug|Any CPU
		{8B1298C4-F22F-4D4C-8660-1E4E3CC6D937}.Release|Any CPU.ActiveCfg = Release|Any CPU
		{8B1298C4-F22F-4D4C-8660-1E4E3CC6D937}.Release|Any CPU.Build.0 = Release|Any CPU
		{9FC9B7BA-076D-4D46-8660-E456FC345E4F}.Debug|Any CPU.ActiveCfg = Debug|Any CPU
		{9FC9B7BA-076D-4D46-8660-E456FC345E4F}.Debug|Any CPU.Build.0 = Debug|Any CPU
		{9FC9B7BA-076D-4D46-8660-E456FC345E4F}.Release|Any CPU.ActiveCfg = Release|Any CPU
		{9FC9B7BA-076D-4D46-8660-E456FC345E4F}.Release|Any CPU.Build.0 = Release|Any CPU
		{B522CE0D-D652-47E6-9F0E-4CE30BC265C0}.Debug|Any CPU.ActiveCfg = Debug|Any CPU
		{B522CE0D-D652-47E6-9F0E-4CE30BC265C0}.Debug|Any CPU.Build.0 = Debug|Any CPU
		{B522CE0D-D652-47E6-9F0E-4CE30BC265C0}.Release|Any CPU.ActiveCfg = Release|Any CPU
		{B522CE0D-D652-47E6-9F0E-4CE30BC265C0}.Release|Any CPU.Build.0 = Release|Any CPU
		{B2F4DA63-B15C-474E-957D-BAF57D7D2717}.Debug|Any CPU.ActiveCfg = Debug|Any CPU
		{B2F4DA63-B15C-474E-957D-BAF57D7D2717}.Debug|Any CPU.Build.0 = Debug|Any CPU
		{B2F4DA63-B15C-474E-957D-BAF57D7D2717}.Release|Any CPU.ActiveCfg = Release|Any CPU
		{B2F4DA63-B15C-474E-957D-BAF57D7D2717}.Release|Any CPU.Build.0 = Release|Any CPU
		{8604CF5C-6BE3-4CC7-B4F7-58BBDA7CC766}.Debug|Any CPU.ActiveCfg = Debug|Any CPU
		{8604CF5C-6BE3-4CC7-B4F7-58BBDA7CC766}.Debug|Any CPU.Build.0 = Debug|Any CPU
		{8604CF5C-6BE3-4CC7-B4F7-58BBDA7CC766}.Release|Any CPU.ActiveCfg = Release|Any CPU
		{8604CF5C-6BE3-4CC7-B4F7-58BBDA7CC766}.Release|Any CPU.Build.0 = Release|Any CPU
		{B41CDF91-1C2D-4533-AE35-38FF4C50C1AC}.Debug|Any CPU.ActiveCfg = Debug|Any CPU
		{B41CDF91-1C2D-4533-AE35-38FF4C50C1AC}.Debug|Any CPU.Build.0 = Debug|Any CPU
		{B41CDF91-1C2D-4533-AE35-38FF4C50C1AC}.Release|Any CPU.ActiveCfg = Release|Any CPU
		{B41CDF91-1C2D-4533-AE35-38FF4C50C1AC}.Release|Any CPU.Build.0 = Release|Any CPU
		{AB82AAAD-CFA6-4A1C-AA3A-A7BABCAABD93}.Debug|Any CPU.ActiveCfg = Debug|Any CPU
		{AB82AAAD-CFA6-4A1C-AA3A-A7BABCAABD93}.Debug|Any CPU.Build.0 = Debug|Any CPU
		{AB82AAAD-CFA6-4A1C-AA3A-A7BABCAABD93}.Release|Any CPU.ActiveCfg = Release|Any CPU
		{AB82AAAD-CFA6-4A1C-AA3A-A7BABCAABD93}.Release|Any CPU.Build.0 = Release|Any CPU
		{C8491094-7599-4CA1-99C3-FCBFDAD492E3}.Debug|Any CPU.ActiveCfg = Debug|Any CPU
		{C8491094-7599-4CA1-99C3-FCBFDAD492E3}.Debug|Any CPU.Build.0 = Debug|Any CPU
		{C8491094-7599-4CA1-99C3-FCBFDAD492E3}.Release|Any CPU.ActiveCfg = Release|Any CPU
		{C8491094-7599-4CA1-99C3-FCBFDAD492E3}.Release|Any CPU.Build.0 = Release|Any CPU
		{3EEFEFB1-D367-47D1-AE91-4746DC2D723E}.Debug|Any CPU.ActiveCfg = Debug|Any CPU
		{3EEFEFB1-D367-47D1-AE91-4746DC2D723E}.Debug|Any CPU.Build.0 = Debug|Any CPU
		{3EEFEFB1-D367-47D1-AE91-4746DC2D723E}.Release|Any CPU.ActiveCfg = Release|Any CPU
		{3EEFEFB1-D367-47D1-AE91-4746DC2D723E}.Release|Any CPU.Build.0 = Release|Any CPU
		{3171372B-FA59-4B53-9C34-EE35FB5C1FBA}.Debug|Any CPU.ActiveCfg = Debug|Any CPU
		{3171372B-FA59-4B53-9C34-EE35FB5C1FBA}.Debug|Any CPU.Build.0 = Debug|Any CPU
		{3171372B-FA59-4B53-9C34-EE35FB5C1FBA}.Release|Any CPU.ActiveCfg = Release|Any CPU
		{3171372B-FA59-4B53-9C34-EE35FB5C1FBA}.Release|Any CPU.Build.0 = Release|Any CPU
		{9F4779E9-321D-4C91-BA18-F792FABAE292}.Debug|Any CPU.ActiveCfg = Debug|Any CPU
		{9F4779E9-321D-4C91-BA18-F792FABAE292}.Debug|Any CPU.Build.0 = Debug|Any CPU
		{9F4779E9-321D-4C91-BA18-F792FABAE292}.Release|Any CPU.ActiveCfg = Release|Any CPU
		{9F4779E9-321D-4C91-BA18-F792FABAE292}.Release|Any CPU.Build.0 = Release|Any CPU
		{C5A2768C-C686-4CFB-B43B-B7DB8532B358}.Debug|Any CPU.ActiveCfg = Debug|Any CPU
		{C5A2768C-C686-4CFB-B43B-B7DB8532B358}.Debug|Any CPU.Build.0 = Debug|Any CPU
		{C5A2768C-C686-4CFB-B43B-B7DB8532B358}.Release|Any CPU.ActiveCfg = Release|Any CPU
		{C5A2768C-C686-4CFB-B43B-B7DB8532B358}.Release|Any CPU.Build.0 = Release|Any CPU
		{8111DB0D-C68F-4C5C-B525-1390AD64E16D}.Debug|Any CPU.ActiveCfg = Debug|Any CPU
		{8111DB0D-C68F-4C5C-B525-1390AD64E16D}.Debug|Any CPU.Build.0 = Debug|Any CPU
		{8111DB0D-C68F-4C5C-B525-1390AD64E16D}.Release|Any CPU.ActiveCfg = Release|Any CPU
		{8111DB0D-C68F-4C5C-B525-1390AD64E16D}.Release|Any CPU.Build.0 = Release|Any CPU
		{4D5DEAEA-38B8-4190-94DF-D85B333E4F98}.Debug|Any CPU.ActiveCfg = Debug|Any CPU
		{4D5DEAEA-38B8-4190-94DF-D85B333E4F98}.Debug|Any CPU.Build.0 = Debug|Any CPU
		{4D5DEAEA-38B8-4190-94DF-D85B333E4F98}.Release|Any CPU.ActiveCfg = Release|Any CPU
		{4D5DEAEA-38B8-4190-94DF-D85B333E4F98}.Release|Any CPU.Build.0 = Release|Any CPU
		{2F8C12BB-CB02-45FB-935C-71DA75D7901E}.Debug|Any CPU.ActiveCfg = Debug|Any CPU
		{2F8C12BB-CB02-45FB-935C-71DA75D7901E}.Debug|Any CPU.Build.0 = Debug|Any CPU
		{2F8C12BB-CB02-45FB-935C-71DA75D7901E}.Release|Any CPU.ActiveCfg = Release|Any CPU
		{2F8C12BB-CB02-45FB-935C-71DA75D7901E}.Release|Any CPU.Build.0 = Release|Any CPU
		{A69883BA-2C2E-488A-99D8-A8FDC4B98C9F}.Debug|Any CPU.ActiveCfg = Debug|Any CPU
		{A69883BA-2C2E-488A-99D8-A8FDC4B98C9F}.Debug|Any CPU.Build.0 = Debug|Any CPU
		{A69883BA-2C2E-488A-99D8-A8FDC4B98C9F}.Release|Any CPU.ActiveCfg = Release|Any CPU
		{A69883BA-2C2E-488A-99D8-A8FDC4B98C9F}.Release|Any CPU.Build.0 = Release|Any CPU
		{D281E9EB-CA64-45A4-86A8-1D4994147D3E}.Debug|Any CPU.ActiveCfg = Debug|Any CPU
		{D281E9EB-CA64-45A4-86A8-1D4994147D3E}.Debug|Any CPU.Build.0 = Debug|Any CPU
		{D281E9EB-CA64-45A4-86A8-1D4994147D3E}.Release|Any CPU.ActiveCfg = Release|Any CPU
		{D281E9EB-CA64-45A4-86A8-1D4994147D3E}.Release|Any CPU.Build.0 = Release|Any CPU
		{C09F139F-39C9-42B2-9A98-AAD5E1409812}.Debug|Any CPU.ActiveCfg = Debug|Any CPU
		{C09F139F-39C9-42B2-9A98-AAD5E1409812}.Debug|Any CPU.Build.0 = Debug|Any CPU
		{C09F139F-39C9-42B2-9A98-AAD5E1409812}.Release|Any CPU.ActiveCfg = Release|Any CPU
		{C09F139F-39C9-42B2-9A98-AAD5E1409812}.Release|Any CPU.Build.0 = Release|Any CPU
		{46688918-6014-4A8F-92FF-ABB21B430D47}.Debug|Any CPU.ActiveCfg = Debug|Any CPU
		{46688918-6014-4A8F-92FF-ABB21B430D47}.Debug|Any CPU.Build.0 = Debug|Any CPU
		{46688918-6014-4A8F-92FF-ABB21B430D47}.Release|Any CPU.ActiveCfg = Release|Any CPU
		{46688918-6014-4A8F-92FF-ABB21B430D47}.Release|Any CPU.Build.0 = Release|Any CPU
		{646FDEBC-8FC0-42FB-8491-1C5C4C02DC16}.Debug|Any CPU.ActiveCfg = Debug|Any CPU
		{646FDEBC-8FC0-42FB-8491-1C5C4C02DC16}.Debug|Any CPU.Build.0 = Debug|Any CPU
		{646FDEBC-8FC0-42FB-8491-1C5C4C02DC16}.Release|Any CPU.ActiveCfg = Release|Any CPU
		{646FDEBC-8FC0-42FB-8491-1C5C4C02DC16}.Release|Any CPU.Build.0 = Release|Any CPU
		{5D53BBDE-8D35-44F5-B830-9D82BBA07547}.Debug|Any CPU.ActiveCfg = Debug|Any CPU
		{5D53BBDE-8D35-44F5-B830-9D82BBA07547}.Debug|Any CPU.Build.0 = Debug|Any CPU
		{5D53BBDE-8D35-44F5-B830-9D82BBA07547}.Release|Any CPU.ActiveCfg = Release|Any CPU
		{5D53BBDE-8D35-44F5-B830-9D82BBA07547}.Release|Any CPU.Build.0 = Release|Any CPU
		{DA43B8E2-725C-4D7F-A51C-A50D2AEE341B}.Debug|Any CPU.ActiveCfg = Debug|Any CPU
		{DA43B8E2-725C-4D7F-A51C-A50D2AEE341B}.Debug|Any CPU.Build.0 = Debug|Any CPU
		{DA43B8E2-725C-4D7F-A51C-A50D2AEE341B}.Release|Any CPU.ActiveCfg = Release|Any CPU
		{DA43B8E2-725C-4D7F-A51C-A50D2AEE341B}.Release|Any CPU.Build.0 = Release|Any CPU
		{3CD7C0AB-B103-45E1-9D88-9B60D9207A62}.Debug|Any CPU.ActiveCfg = Debug|Any CPU
		{3CD7C0AB-B103-45E1-9D88-9B60D9207A62}.Debug|Any CPU.Build.0 = Debug|Any CPU
		{3CD7C0AB-B103-45E1-9D88-9B60D9207A62}.Release|Any CPU.ActiveCfg = Release|Any CPU
		{3CD7C0AB-B103-45E1-9D88-9B60D9207A62}.Release|Any CPU.Build.0 = Release|Any CPU
		{8E9C9689-3CD6-4693-B312-402293425313}.Debug|Any CPU.ActiveCfg = Debug|Any CPU
		{8E9C9689-3CD6-4693-B312-402293425313}.Debug|Any CPU.Build.0 = Debug|Any CPU
		{8E9C9689-3CD6-4693-B312-402293425313}.Release|Any CPU.ActiveCfg = Release|Any CPU
		{8E9C9689-3CD6-4693-B312-402293425313}.Release|Any CPU.Build.0 = Release|Any CPU
		{774F9263-C750-462B-8982-68F547C232CB}.Debug|Any CPU.ActiveCfg = Debug|Any CPU
		{774F9263-C750-462B-8982-68F547C232CB}.Debug|Any CPU.Build.0 = Debug|Any CPU
		{774F9263-C750-462B-8982-68F547C232CB}.Release|Any CPU.ActiveCfg = Release|Any CPU
		{774F9263-C750-462B-8982-68F547C232CB}.Release|Any CPU.Build.0 = Release|Any CPU
		{7EC7436F-743F-45BD-8ED2-BA9C281166E0}.Debug|Any CPU.ActiveCfg = Debug|Any CPU
		{7EC7436F-743F-45BD-8ED2-BA9C281166E0}.Debug|Any CPU.Build.0 = Debug|Any CPU
		{7EC7436F-743F-45BD-8ED2-BA9C281166E0}.Release|Any CPU.ActiveCfg = Release|Any CPU
		{7EC7436F-743F-45BD-8ED2-BA9C281166E0}.Release|Any CPU.Build.0 = Release|Any CPU
		{4787CC1B-6D77-484B-B3A8-63CF3BBE1D66}.Debug|Any CPU.ActiveCfg = Debug|Any CPU
		{4787CC1B-6D77-484B-B3A8-63CF3BBE1D66}.Debug|Any CPU.Build.0 = Debug|Any CPU
		{4787CC1B-6D77-484B-B3A8-63CF3BBE1D66}.Release|Any CPU.ActiveCfg = Release|Any CPU
		{4787CC1B-6D77-484B-B3A8-63CF3BBE1D66}.Release|Any CPU.Build.0 = Release|Any CPU
		{AAADBDFF-E4BD-46CE-847A-D8B468400868}.Debug|Any CPU.ActiveCfg = Debug|Any CPU
		{AAADBDFF-E4BD-46CE-847A-D8B468400868}.Debug|Any CPU.Build.0 = Debug|Any CPU
		{AAADBDFF-E4BD-46CE-847A-D8B468400868}.Release|Any CPU.ActiveCfg = Release|Any CPU
		{AAADBDFF-E4BD-46CE-847A-D8B468400868}.Release|Any CPU.Build.0 = Release|Any CPU
		{C397759D-B3D8-4152-8AED-261BEE98D7A8}.Debug|Any CPU.ActiveCfg = Debug|Any CPU
		{C397759D-B3D8-4152-8AED-261BEE98D7A8}.Debug|Any CPU.Build.0 = Debug|Any CPU
		{C397759D-B3D8-4152-8AED-261BEE98D7A8}.Release|Any CPU.ActiveCfg = Release|Any CPU
		{C397759D-B3D8-4152-8AED-261BEE98D7A8}.Release|Any CPU.Build.0 = Release|Any CPU
		{75060D7B-C3D8-4C5C-876D-2E2FED8152AF}.Debug|Any CPU.ActiveCfg = Debug|Any CPU
		{75060D7B-C3D8-4C5C-876D-2E2FED8152AF}.Debug|Any CPU.Build.0 = Debug|Any CPU
		{75060D7B-C3D8-4C5C-876D-2E2FED8152AF}.Release|Any CPU.ActiveCfg = Release|Any CPU
		{75060D7B-C3D8-4C5C-876D-2E2FED8152AF}.Release|Any CPU.Build.0 = Release|Any CPU
		{D41C3CCA-62F0-4738-9EB7-A5B2CBF31A82}.Debug|Any CPU.ActiveCfg = Debug|Any CPU
		{D41C3CCA-62F0-4738-9EB7-A5B2CBF31A82}.Debug|Any CPU.Build.0 = Debug|Any CPU
		{D41C3CCA-62F0-4738-9EB7-A5B2CBF31A82}.Release|Any CPU.ActiveCfg = Release|Any CPU
		{D41C3CCA-62F0-4738-9EB7-A5B2CBF31A82}.Release|Any CPU.Build.0 = Release|Any CPU
		{BF9EEC00-E85A-44F0-9123-46DB93371063}.Debug|Any CPU.ActiveCfg = Debug|Any CPU
		{BF9EEC00-E85A-44F0-9123-46DB93371063}.Debug|Any CPU.Build.0 = Debug|Any CPU
		{BF9EEC00-E85A-44F0-9123-46DB93371063}.Release|Any CPU.ActiveCfg = Release|Any CPU
		{BF9EEC00-E85A-44F0-9123-46DB93371063}.Release|Any CPU.Build.0 = Release|Any CPU
		{4ED44116-C138-4A4F-9FEA-DFBE80D11B9C}.Debug|Any CPU.ActiveCfg = Debug|Any CPU
		{4ED44116-C138-4A4F-9FEA-DFBE80D11B9C}.Debug|Any CPU.Build.0 = Debug|Any CPU
		{4ED44116-C138-4A4F-9FEA-DFBE80D11B9C}.Release|Any CPU.ActiveCfg = Release|Any CPU
		{4ED44116-C138-4A4F-9FEA-DFBE80D11B9C}.Release|Any CPU.Build.0 = Release|Any CPU
	EndGlobalSection
	GlobalSection(SolutionProperties) = preSolution
		HideSolutionNode = FALSE
	EndGlobalSection
	GlobalSection(NestedProjects) = preSolution
		{C6C54DCD-8B65-449A-A6DF-D374602BBB8C} = {1B35DE6D-EB98-412C-92BD-A3FC2D1C868C}
		{1B28D0DA-422D-4524-86F9-F9298CB70ACA} = {CE099191-192B-47FB-91EB-2ABBBBB8E880}
		{5036CBB7-B656-4A6E-998E-9DA7F28DB539} = {CE099191-192B-47FB-91EB-2ABBBBB8E880}
		{3FE65075-3D40-44D3-B0CA-C395DD0CC03A} = {9E8FA307-61C3-49F3-A391-26E7A017D3EC}
		{81D5EC8E-AACA-4FBE-874B-4DFA89EB74B8} = {9E8FA307-61C3-49F3-A391-26E7A017D3EC}
		{2FCEEAE2-A26F-49F8-9A49-BA80E554B408} = {CE099191-192B-47FB-91EB-2ABBBBB8E880}
		{3E302E73-2EE0-4115-AB82-5B4AA98B6EE5} = {CE099191-192B-47FB-91EB-2ABBBBB8E880}
		{8B1298C4-F22F-4D4C-8660-1E4E3CC6D937} = {BD444881-1DDE-4005-9D6A-CD2A4FA0C781}
		{9FC9B7BA-076D-4D46-8660-E456FC345E4F} = {49F29ACE-714D-4983-B528-F7AB2C0B6246}
		{B522CE0D-D652-47E6-9F0E-4CE30BC265C0} = {49F29ACE-714D-4983-B528-F7AB2C0B6246}
		{B2F4DA63-B15C-474E-957D-BAF57D7D2717} = {49F29ACE-714D-4983-B528-F7AB2C0B6246}
		{8604CF5C-6BE3-4CC7-B4F7-58BBDA7CC766} = {54E4AF76-8E19-4214-A5F6-4046C8CE7463}
		{B41CDF91-1C2D-4533-AE35-38FF4C50C1AC} = {C2749D6A-881E-4EB3-8B78-B0A246AAF7BB}
		{AB82AAAD-CFA6-4A1C-AA3A-A7BABCAABD93} = {BD444881-1DDE-4005-9D6A-CD2A4FA0C781}
		{C8491094-7599-4CA1-99C3-FCBFDAD492E3} = {49F29ACE-714D-4983-B528-F7AB2C0B6246}
		{3EEFEFB1-D367-47D1-AE91-4746DC2D723E} = {54E4AF76-8E19-4214-A5F6-4046C8CE7463}
		{3171372B-FA59-4B53-9C34-EE35FB5C1FBA} = {C2749D6A-881E-4EB3-8B78-B0A246AAF7BB}
		{9F4779E9-321D-4C91-BA18-F792FABAE292} = {7851A2EF-B832-497C-9BDB-3A1A7467D477}
		{C5A2768C-C686-4CFB-B43B-B7DB8532B358} = {DC7822AD-5153-4980-8D0D-18801DB1CF50}
		{8111DB0D-C68F-4C5C-B525-1390AD64E16D} = {DC7822AD-5153-4980-8D0D-18801DB1CF50}
		{4D5DEAEA-38B8-4190-94DF-D85B333E4F98} = {DC7822AD-5153-4980-8D0D-18801DB1CF50}
		{2F8C12BB-CB02-45FB-935C-71DA75D7901E} = {E1053002-6B99-403E-B690-E126E27371CF}
		{A69883BA-2C2E-488A-99D8-A8FDC4B98C9F} = {E1053002-6B99-403E-B690-E126E27371CF}
		{D281E9EB-CA64-45A4-86A8-1D4994147D3E} = {E1053002-6B99-403E-B690-E126E27371CF}
		{C09F139F-39C9-42B2-9A98-AAD5E1409812} = {36305BD4-0FA1-4A07-96D6-40128F2612C6}
		{46688918-6014-4A8F-92FF-ABB21B430D47} = {E1053002-6B99-403E-B690-E126E27371CF}
		{646FDEBC-8FC0-42FB-8491-1C5C4C02DC16} = {E1053002-6B99-403E-B690-E126E27371CF}
		{5D53BBDE-8D35-44F5-B830-9D82BBA07547} = {36305BD4-0FA1-4A07-96D6-40128F2612C6}
		{DA43B8E2-725C-4D7F-A51C-A50D2AEE341B} = {CD75701A-A352-41F5-87B9-681019978501}
		{3CD7C0AB-B103-45E1-9D88-9B60D9207A62} = {CD75701A-A352-41F5-87B9-681019978501}
		{8E9C9689-3CD6-4693-B312-402293425313} = {CD75701A-A352-41F5-87B9-681019978501}
		{774F9263-C750-462B-8982-68F547C232CB} = {CD75701A-A352-41F5-87B9-681019978501}
		{7EC7436F-743F-45BD-8ED2-BA9C281166E0} = {CD75701A-A352-41F5-87B9-681019978501}
		{4787CC1B-6D77-484B-B3A8-63CF3BBE1D66} = {CD75701A-A352-41F5-87B9-681019978501}
		{AAADBDFF-E4BD-46CE-847A-D8B468400868} = {CD75701A-A352-41F5-87B9-681019978501}
		{C397759D-B3D8-4152-8AED-261BEE98D7A8} = {CD75701A-A352-41F5-87B9-681019978501}
		{75060D7B-C3D8-4C5C-876D-2E2FED8152AF} = {CEB22981-B09A-4E22-9B51-C7B341F4B25E}
		{D41C3CCA-62F0-4738-9EB7-A5B2CBF31A82} = {CEB22981-B09A-4E22-9B51-C7B341F4B25E}
		{BF9EEC00-E85A-44F0-9123-46DB93371063} = {CEB22981-B09A-4E22-9B51-C7B341F4B25E}
		{4ED44116-C138-4A4F-9FEA-DFBE80D11B9C} = {DC7822AD-5153-4980-8D0D-18801DB1CF50}
	EndGlobalSection
	GlobalSection(ExtensibilityGlobals) = postSolution
		SolutionGuid = {6334F56E-3CFB-4DB8-8285-EDAF0C5520C2}
	EndGlobalSection
EndGlobal
